
Microsoft Visual Studio Solution File, Format Version 12.00
Project("{FAE04EC0-301F-11D3-BF4B-00C04F79EFBC}") = "Proxy-Server", "Proxy-Server\Proxy-Server.csproj", "{362E81D8-0A2D-4FA0-B2B8-EE91D25F5A2A}"
EndProject
Global
	GlobalSection(SolutionConfigurationPlatforms) = preSolution
		Debug|Any CPU = Debug|Any CPU
		Release|Any CPU = Release|Any CPU
	EndGlobalSection
	GlobalSection(ProjectConfigurationPlatforms) = postSolution
		{362E81D8-0A2D-4FA0-B2B8-EE91D25F5A2A}.Debug|Any CPU.ActiveCfg = Debug|Any CPU
		{362E81D8-0A2D-4FA0-B2B8-EE91D25F5A2A}.Debug|Any CPU.Build.0 = Debug|Any CPU
		{362E81D8-0A2D-4FA0-B2B8-EE91D25F5A2A}.Release|Any CPU.ActiveCfg = Release|Any CPU
		{362E81D8-0A2D-4FA0-B2B8-EE91D25F5A2A}.Release|Any CPU.Build.0 = Release|Any CPU
	EndGlobalSection
EndGlobal
